
Microsoft Visual Studio Solution File, Format Version 12.00
# Visual Studio 15
Project("{FAE04EC0-301F-11D3-BF4B-00C04F79EFBC}") = "Assembly-CSharp", "Assembly-CSharp.csproj", "{A3DA3C7B-C3D7-5CE2-2567-71AB49FFDDA8}"
EndProject
Project("{FAE04EC0-301F-11D3-BF4B-00C04F79EFBC}") = "Assembly-CSharp-Editor", "Assembly-CSharp-Editor.csproj", "{34166E0D-6517-F02B-FA7E-8D9040BF5F64}"
EndProject
Global
	GlobalSection(SolutionConfigurationPlatforms) = preSolution
		Debug|Any CPU = Debug|Any CPU
		Release|Any CPU = Release|Any CPU
	EndGlobalSection
	GlobalSection(ProjectConfigurationPlatforms) = postSolution
		{A3DA3C7B-C3D7-5CE2-2567-71AB49FFDDA8}.Debug|Any CPU.ActiveCfg = Debug|Any CPU
		{A3DA3C7B-C3D7-5CE2-2567-71AB49FFDDA8}.Debug|Any CPU.Build.0 = Debug|Any CPU
		{A3DA3C7B-C3D7-5CE2-2567-71AB49FFDDA8}.Release|Any CPU.ActiveCfg = Release|Any CPU
		{A3DA3C7B-C3D7-5CE2-2567-71AB49FFDDA8}.Release|Any CPU.Build.0 = Release|Any CPU
		{34166E0D-6517-F02B-FA7E-8D9040BF5F64}.Debug|Any CPU.ActiveCfg = Debug|Any CPU
		{34166E0D-6517-F02B-FA7E-8D9040BF5F64}.Debug|Any CPU.Build.0 = Debug|Any CPU
		{34166E0D-6517-F02B-FA7E-8D9040BF5F64}.Release|Any CPU.ActiveCfg = Release|Any CPU
		{34166E0D-6517-F02B-FA7E-8D9040BF5F64}.Release|Any CPU.Build.0 = Release|Any CPU
	EndGlobalSection
	GlobalSection(SolutionProperties) = preSolution
		HideSolutionNode = FALSE
	EndGlobalSection
EndGlobal
